
Microsoft Visual Studio Solution File, Format Version 12.00
# Visual Studio Version 17
VisualStudioVersion = 17.0.32112.339
MinimumVisualStudioVersion = 10.0.40219.1
Project("{9A19103F-16F7-4668-BE54-9A1E7A4F7556}") = "WeatherApi", "WeatherApi\WeatherApi.csproj", "{DABBFD05-0380-4C2F-AADB-8F523B433B7E}"
EndProject
Project("{9A19103F-16F7-4668-BE54-9A1E7A4F7556}") = "WeatherApi.Domain", "WeatherAPI.Domain\WeatherApi.Domain.csproj", "{4A32029E-2628-4E85-B20E-54E83F5135D1}"
EndProject
Project("{9A19103F-16F7-4668-BE54-9A1E7A4F7556}") = "WeatherApi.Infrastructure", "WeatherApi.Infrastructure\WeatherApi.Infrastructure.csproj", "{BCEE400F-F797-4901-81B0-274722DA6EDA}"
EndProject
Project("{9A19103F-16F7-4668-BE54-9A1E7A4F7556}") = "WeatherApi.Common", "WeatherApi.Common\WeatherApi.Common.csproj", "{EBD8A28A-9EA0-445C-B51C-03507AB9890B}"
EndProject
Project("{9A19103F-16F7-4668-BE54-9A1E7A4F7556}") = "WeatherApi.Domain.Tests", "WeatherApi.Domain.Tests\WeatherApi.Domain.Tests.csproj", "{D7DE3DB4-C559-4462-80E9-4DED7A00A17B}"
EndProject
Project("{2150E333-8FDC-42A3-9474-1A3956D46DE8}") = "Solution Items", "Solution Items", "{DAFD3E90-C979-4057-B420-0E3C913F52A7}"
	ProjectSection(SolutionItems) = preProject
		docker-compose.yml = docker-compose.yml
	EndProjectSection
EndProject
Project("{FAE04EC0-301F-11D3-BF4B-00C04F79EFBC}") = "WeatherApi.Tests", "WeatherApi.Tests\WeatherApi.Tests.csproj", "{F7F1F4BE-8BB9-4F9A-84C3-062C026A1EFE}"
EndProject
Project("{2150E333-8FDC-42A3-9474-1A3956D46DE8}") = "Tests", "Tests", "{F9FFFB11-7419-4B97-B12A-F6A3C77AC53B}"
EndProject
Global
	GlobalSection(SolutionConfigurationPlatforms) = preSolution
		Debug|Any CPU = Debug|Any CPU
		Release|Any CPU = Release|Any CPU
	EndGlobalSection
	GlobalSection(ProjectConfigurationPlatforms) = postSolution
		{DABBFD05-0380-4C2F-AADB-8F523B433B7E}.Debug|Any CPU.ActiveCfg = Debug|Any CPU
		{DABBFD05-0380-4C2F-AADB-8F523B433B7E}.Debug|Any CPU.Build.0 = Debug|Any CPU
		{DABBFD05-0380-4C2F-AADB-8F523B433B7E}.Release|Any CPU.ActiveCfg = Release|Any CPU
		{DABBFD05-0380-4C2F-AADB-8F523B433B7E}.Release|Any CPU.Build.0 = Release|Any CPU
		{4A32029E-2628-4E85-B20E-54E83F5135D1}.Debug|Any CPU.ActiveCfg = Debug|Any CPU
		{4A32029E-2628-4E85-B20E-54E83F5135D1}.Debug|Any CPU.Build.0 = Debug|Any CPU
		{4A32029E-2628-4E85-B20E-54E83F5135D1}.Release|Any CPU.ActiveCfg = Release|Any CPU
		{4A32029E-2628-4E85-B20E-54E83F5135D1}.Release|Any CPU.Build.0 = Release|Any CPU
		{BCEE400F-F797-4901-81B0-274722DA6EDA}.Debug|Any CPU.ActiveCfg = Debug|Any CPU
		{BCEE400F-F797-4901-81B0-274722DA6EDA}.Debug|Any CPU.Build.0 = Debug|Any CPU
		{BCEE400F-F797-4901-81B0-274722DA6EDA}.Release|Any CPU.ActiveCfg = Release|Any CPU
		{BCEE400F-F797-4901-81B0-274722DA6EDA}.Release|Any CPU.Build.0 = Release|Any CPU
		{EBD8A28A-9EA0-445C-B51C-03507AB9890B}.Debug|Any CPU.ActiveCfg = Debug|Any CPU
		{EBD8A28A-9EA0-445C-B51C-03507AB9890B}.Debug|Any CPU.Build.0 = Debug|Any CPU
		{EBD8A28A-9EA0-445C-B51C-03507AB9890B}.Release|Any CPU.ActiveCfg = Release|Any CPU
		{EBD8A28A-9EA0-445C-B51C-03507AB9890B}.Release|Any CPU.Build.0 = Release|Any CPU
		{D7DE3DB4-C559-4462-80E9-4DED7A00A17B}.Debug|Any CPU.ActiveCfg = Debug|Any CPU
		{D7DE3DB4-C559-4462-80E9-4DED7A00A17B}.Debug|Any CPU.Build.0 = Debug|Any CPU
		{D7DE3DB4-C559-4462-80E9-4DED7A00A17B}.Release|Any CPU.ActiveCfg = Release|Any CPU
		{D7DE3DB4-C559-4462-80E9-4DED7A00A17B}.Release|Any CPU.Build.0 = Release|Any CPU
		{F7F1F4BE-8BB9-4F9A-84C3-062C026A1EFE}.Debug|Any CPU.ActiveCfg = Debug|Any CPU
		{F7F1F4BE-8BB9-4F9A-84C3-062C026A1EFE}.Debug|Any CPU.Build.0 = Debug|Any CPU
		{F7F1F4BE-8BB9-4F9A-84C3-062C026A1EFE}.Release|Any CPU.ActiveCfg = Release|Any CPU
		{F7F1F4BE-8BB9-4F9A-84C3-062C026A1EFE}.Release|Any CPU.Build.0 = Release|Any CPU
	EndGlobalSection
	GlobalSection(SolutionProperties) = preSolution
		HideSolutionNode = FALSE
	EndGlobalSection
	GlobalSection(NestedProjects) = preSolution
		{D7DE3DB4-C559-4462-80E9-4DED7A00A17B} = {F9FFFB11-7419-4B97-B12A-F6A3C77AC53B}
		{F7F1F4BE-8BB9-4F9A-84C3-062C026A1EFE} = {F9FFFB11-7419-4B97-B12A-F6A3C77AC53B}
	EndGlobalSection
	GlobalSection(ExtensibilityGlobals) = postSolution
		SolutionGuid = {9E2C9E2D-85D9-462E-81A4-065176CC0E5B}
	EndGlobalSection
EndGlobal
